{
  "lockfile_version": "1",
  "packages": {
    "go@1.23.1": {
      "last_modified": "2024-09-10T15:01:03Z",
      "resolved": "github:NixOS/nixpkgs/5ed627539ac84809c78b2dd6d26a5cebeb5ae269#go_1_23",
      "source": "devbox-search",
      "version": "1.23.1",
      "systems": {
        "aarch64-darwin": {
          "outputs": [
            {
              "name": "out",
              "path": "/nix/store/nvaay1c4banbccyvv6ba1gzyqpypjmfq-go-1.23.1",
              "default": true
            }
          ],
          "store_path": "/nix/store/nvaay1c4banbccyvv6ba1gzyqpypjmfq-go-1.23.1"
        },
        "aarch64-linux": {
          "outputs": [
            {
              "name": "out",
              "path": "/nix/store/9ylsay11jb3p6yarkmlz0fin76cdypwa-go-1.23.1",
              "default": true
            }
          ],
          "store_path": "/nix/store/9ylsay11jb3p6yarkmlz0fin76cdypwa-go-1.23.1"
        },
        "x86_64-darwin": {
          "outputs": [
            {
              "name": "out",
              "path": "/nix/store/zkg5xhyx2rs03dq0qp14nqlx9ff1y5c5-go-1.23.1",
              "default": true
            }
          ],
          "store_path": "/nix/store/zkg5xhyx2rs03dq0qp14nqlx9ff1y5c5-go-1.23.1"
        },
        "x86_64-linux": {
          "outputs": [
            {
              "name": "out",
              "path": "/nix/store/mi0ybwsm6pmxzv9hsm6bcbqaq1pkf8wh-go-1.23.1",
              "default": true
            }
          ],
          "store_path": "/nix/store/mi0ybwsm6pmxzv9hsm6bcbqaq1pkf8wh-go-1.23.1"
        }
      }
    },
    "nodePackages.npm@10.8.3": {
      "last_modified": "2024-09-10T15:01:03Z",
      "resolved": "github:NixOS/nixpkgs/5ed627539ac84809c78b2dd6d26a5cebeb5ae269#nodePackages.npm",
      "source": "devbox-search",
      "version": "10.8.3",
      "systems": {
        "aarch64-darwin": {
          "outputs": [
            {
              "name": "out",
              "path": "/nix/store/d8iyr5aq1fs900ml37zqz0n1081642jp-npm-10.8.3",
              "default": true
            }
          ],
          "store_path": "/nix/store/d8iyr5aq1fs900ml37zqz0n1081642jp-npm-10.8.3"
        },
        "aarch64-linux": {
          "outputs": [
            {
              "name": "out",
              "path": "/nix/store/iy2pv3h924cf4mqbyz4a05hwq0da1jcj-npm-10.8.3",
              "default": true
            }
          ],
          "store_path": "/nix/store/iy2pv3h924cf4mqbyz4a05hwq0da1jcj-npm-10.8.3"
        },
        "x86_64-darwin": {
          "outputs": [
            {
              "name": "out",
              "path": "/nix/store/66mg53a857hmdc418dj6fyq28bdfa6pc-npm-10.8.3",
              "default": true
            }
          ],
          "store_path": "/nix/store/66mg53a857hmdc418dj6fyq28bdfa6pc-npm-10.8.3"
        },
        "x86_64-linux": {
          "outputs": [
            {
              "name": "out",
              "path": "/nix/store/91rs8y4165pm8gnh1xhc0hrhlnmbkvgy-npm-10.8.3",
              "default": true
            }
          ],
          "store_path": "/nix/store/91rs8y4165pm8gnh1xhc0hrhlnmbkvgy-npm-10.8.3"
        }
      }
    },
    "nodejs@22.8.0": {
      "last_modified": "2024-09-10T15:01:03Z",
      "plugin_version": "0.0.2",
      "resolved": "github:NixOS/nixpkgs/5ed627539ac84809c78b2dd6d26a5cebeb5ae269#nodejs_22",
      "source": "devbox-search",
      "version": "22.8.0",
      "systems": {
        "aarch64-darwin": {
          "outputs": [
            {
              "name": "out",
              "path": "/nix/store/4r8kqr24z88m1xjbb1qf19p1mi6q35lp-nodejs-22.8.0",
              "default": true
            },
            {
              "name": "libv8",
              "path": "/nix/store/rqpibvqcpjxx26ls9kmdq1fr5yckss9l-nodejs-22.8.0-libv8"
            }
          ],
          "store_path": "/nix/store/4r8kqr24z88m1xjbb1qf19p1mi6q35lp-nodejs-22.8.0"
        },
        "aarch64-linux": {
          "outputs": [
            {
              "name": "out",
              "path": "/nix/store/1wzl2brm8p6sb5b3wsdnn02m56cq36d4-nodejs-22.8.0",
              "default": true
            },
            {
              "name": "libv8",
              "path": "/nix/store/4dwa28gc3w0gr672pcf3j4lfncymdqjf-nodejs-22.8.0-libv8"
            }
          ],
          "store_path": "/nix/store/1wzl2brm8p6sb5b3wsdnn02m56cq36d4-nodejs-22.8.0"
        },
        "x86_64-darwin": {
          "outputs": [
            {
              "name": "out",
              "path": "/nix/store/mcdq9d48r8c2j29zgr7i80vnjzwh2lc3-nodejs-22.8.0",
              "default": true
            },
            {
              "name": "libv8",
              "path": "/nix/store/16kfmgbsspjg1kpdvf9np5v2h371dh40-nodejs-22.8.0-libv8"
            }
          ],
          "store_path": "/nix/store/mcdq9d48r8c2j29zgr7i80vnjzwh2lc3-nodejs-22.8.0"
        },
        "x86_64-linux": {
          "outputs": [
            {
              "name": "out",
              "path": "/nix/store/xsrv93rg8vi05k9ig6v9mcvcyn01n6n2-nodejs-22.8.0",
              "default": true
            },
            {
              "name": "libv8",
              "path": "/nix/store/gp8fkyafy0anm5pgdcq2x3qs2fm8syhl-nodejs-22.8.0-libv8"
            }
          ],
          "store_path": "/nix/store/xsrv93rg8vi05k9ig6v9mcvcyn01n6n2-nodejs-22.8.0"
        }
      }
    },
    "open-policy-agent@0.66.0": {
      "last_modified": "2024-09-10T15:01:03Z",
      "resolved": "github:NixOS/nixpkgs/5ed627539ac84809c78b2dd6d26a5cebeb5ae269#open-policy-agent",
      "source": "devbox-search",
      "version": "0.66.0",
      "systems": {
        "aarch64-darwin": {
          "outputs": [
            {
              "name": "out",
              "path": "/nix/store/mh4nmx3cyrxx8pqr63cghrf5qxxd3gbz-open-policy-agent-0.66.0",
              "default": true
            }
          ],
          "store_path": "/nix/store/mh4nmx3cyrxx8pqr63cghrf5qxxd3gbz-open-policy-agent-0.66.0"
        },
        "aarch64-linux": {
          "outputs": [
            {
              "name": "out",
              "path": "/nix/store/b6z137swy354wn6yfkjzfnw29ms53giw-open-policy-agent-0.66.0",
              "default": true
            }
          ],
          "store_path": "/nix/store/b6z137swy354wn6yfkjzfnw29ms53giw-open-policy-agent-0.66.0"
        },
        "x86_64-darwin": {
          "outputs": [
            {
              "name": "out",
              "path": "/nix/store/hpnpqj5ysfg7igpjvbkrc78wy15qiyv7-open-policy-agent-0.66.0",
              "default": true
            }
          ],
          "store_path": "/nix/store/hpnpqj5ysfg7igpjvbkrc78wy15qiyv7-open-policy-agent-0.66.0"
        },
        "x86_64-linux": {
          "outputs": [
            {
              "name": "out",
              "path": "/nix/store/cfbbr2vjc9xpcispykah6w068ikzmxwa-open-policy-agent-0.66.0",
              "default": true
            }
          ],
          "store_path": "/nix/store/cfbbr2vjc9xpcispykah6w068ikzmxwa-open-policy-agent-0.66.0"
        }
      }
    },
    "oras@1.2.0": {
      "last_modified": "2024-09-10T15:01:03Z",
      "resolved": "github:NixOS/nixpkgs/5ed627539ac84809c78b2dd6d26a5cebeb5ae269#oras",
      "source": "devbox-search",
      "version": "1.2.0",
      "systems": {
        "aarch64-darwin": {
          "outputs": [
            {
              "name": "out",
              "path": "/nix/store/7x1q4cd4233mv9993qbx5ac84w8718bi-oras-1.2.0",
              "default": true
            }
          ],
          "store_path": "/nix/store/7x1q4cd4233mv9993qbx5ac84w8718bi-oras-1.2.0"
        },
        "aarch64-linux": {
          "outputs": [
            {
              "name": "out",
              "path": "/nix/store/bwh1q9davjsq9knw19v1wbbka8qcfvbj-oras-1.2.0",
              "default": true
            }
          ],
          "store_path": "/nix/store/bwh1q9davjsq9knw19v1wbbka8qcfvbj-oras-1.2.0"
        },
        "x86_64-darwin": {
          "outputs": [
            {
              "name": "out",
              "path": "/nix/store/7agr8fm9lxpwfa3dwy38ic4lv4y0kb0a-oras-1.2.0",
              "default": true
            }
          ],
          "store_path": "/nix/store/7agr8fm9lxpwfa3dwy38ic4lv4y0kb0a-oras-1.2.0"
        },
        "x86_64-linux": {
          "outputs": [
            {
              "name": "out",
              "path": "/nix/store/d53f84sm14mpvn7fwxvxsr4pbcs7361a-oras-1.2.0",
              "default": true
            }
          ],
          "store_path": "/nix/store/d53f84sm14mpvn7fwxvxsr4pbcs7361a-oras-1.2.0"
        }
      }
    }
  }
}
